
Microsoft Visual Studio Solution File, Format Version 12.00
# Visual Studio Version 16
VisualStudioVersion = 16.0.31624.102
MinimumVisualStudioVersion = 10.0.40219.1
Project("{FAE04EC0-301F-11D3-BF4B-00C04F79EFBC}") = "ZealCode.Webresource", "src\ZealCode.Webresource\ZealCode.Webresource.csproj", "{DDADDEAA-CD21-4E3B-8901-D75E4D647A6D}"
EndProject
Global
	GlobalSection(SolutionConfigurationPlatforms) = preSolution
		Debug|Any CPU = Debug|Any CPU
		Release|Any CPU = Release|Any CPU
	EndGlobalSection
	GlobalSection(ProjectConfigurationPlatforms) = postSolution
		{DDADDEAA-CD21-4E3B-8901-D75E4D647A6D}.Debug|Any CPU.ActiveCfg = Debug|Any CPU
		{DDADDEAA-CD21-4E3B-8901-D75E4D647A6D}.Debug|Any CPU.Build.0 = Debug|Any CPU
		{DDADDEAA-CD21-4E3B-8901-D75E4D647A6D}.Release|Any CPU.ActiveCfg = Release|Any CPU
		{DDADDEAA-CD21-4E3B-8901-D75E4D647A6D}.Release|Any CPU.Build.0 = Release|Any CPU
	EndGlobalSection
	GlobalSection(SolutionProperties) = preSolution
		HideSolutionNode = FALSE
	EndGlobalSection
	GlobalSection(ExtensibilityGlobals) = postSolution
		SolutionGuid = {4DB0F150-912F-4C60-942F-FB59C96440DB}
	EndGlobalSection
EndGlobal
